{
  "lib/rain.deploy": {
    "rev": "e419a46e2a1317a63639ac13fc5a22d7e967fbef"
  },
  "lib/rain.interpreter.interface": {
    "rev": "639b80f929d8a8213fe75e35b446708ba49a8e6a"
  },
  "lib/rain.lib.memkv": {
    "rev": "83e607990be8b3e06549338043c6b18f430f6bd2"
  },
  "lib/rain.metadata": {
    "rev": "a823381df1a118fe0e217150a416566e0c182210"
  },
  "lib/rain.string": {
    "rev": "488f237cd59874e4eb91b5a4f747bd57578fec7f"
  },
  "lib/sol.lib.binmaskflag": {
    "rev": "3ea4a8b4e5cc2ecf80ee408ecd0a213de44841c0"
  }
}