{
  "lib/rain.deploy": {
    "rev": "ccfdb378d2ab1ed95461ecf1355682250e487e4c"
  },
  "lib/rain.extrospection": {
    "rev": "f9a46744a66daf4004a3edc1d4387ae14a9dc8e4"
  },
  "lib/rain.interpreter.interface": {
    "rev": "58386557c270301d4eeaa0b101f2326b0cf4db68"
  },
  "lib/rain.lib.memkv": {
    "rev": "83e607990be8b3e06549338043c6b18f430f6bd2"
  },
  "lib/rain.metadata": {
    "rev": "4ba90088fcfd7da8f5349fd3fea65538e850a072"
  },
  "lib/rain.string": {
    "rev": "488f237cd59874e4eb91b5a4f747bd57578fec7f"
  },
  "lib/rain.tofu.erc20-decimals": {
    "rev": "bcf1f45248a2e45a3e28dda06e21b3617610f86b"
  },
  "lib/sol.lib.binmaskflag": {
    "rev": "3ea4a8b4e5cc2ecf80ee408ecd0a213de44841c0"
  }
}