{
  "lib/rain.interpreter.interface": {
    "rev": "bbd17f446437bebf8326f7d252c1f072b0f6da0b"
  },
  "lib/rain.lib.memkv": {
    "rev": "90efd9409786b50d691209c172ce3f4b74a54996"
  },
  "lib/rain.metadata": {
    "rev": "ce6a8fc92676cbd7eeb0019a22026e10fcd4273d"
  },
  "lib/rain.string": {
    "rev": "0b1ca08aed6d9c06b83fe127a7d20ee7002ead28"
  },
  "lib/sol.lib.binmaskflag": {
    "rev": "3b0bbf05e38ee4a31ca65070e41b299fa6bcdf9e"
  }
}