[[dependencies]]
name = "@openzeppelin-contracts"
version = "5.6.1"
url = "https://soldeer-revisions.s3.amazonaws.com/@openzeppelin-contracts/5_6_1_15-03-2026_09:19:50_contracts.zip"
checksum = "a3b6bc661be858c7c27f60a1708cbebe8c71034b4cc1e9fe270d0a05b069352f"
integrity = "bce03af7ada1eee21a7fff393f238bcd7cd75a022a4db55ffb6b0dbb32433d35"

[[dependencies]]
name = "forge-std"
version = "1.16.2"
url = "https://soldeer-revisions.s3.amazonaws.com/forge-std/1_16_2_03-07-2026_07:37:45_forge-std-1.16.zip"
checksum = "405dccc9d60d753f6abc412b4adf0359f4390f65dbadbbb277a12b4946ed8969"
integrity = "5fb4325b60d7d4194bd0481e2f94398cf1d9c6561dd12a66fb2748ef4a68205f"

[[dependencies]]
name = "rain-datacontract"
version = "0.1.9"
url = "https://soldeer-revisions.s3.amazonaws.com/rain-datacontract/0_1_9_25-08-2026_16:34:26_rain.zip"
checksum = "ea3bb9bfd9bd6fd32cc678d2dffafef7ffc62f0dcc752116170105b6649211a1"
integrity = "a76ad2f7efc0359f42bf2106cd57eca3f239e1eb08019f771b67802cebb54eb0"

[[dependencies]]
name = "rain-deploy"
version = "0.1.7"
url = "https://soldeer-revisions.s3.amazonaws.com/rain-deploy/0_1_7_19-08-2026_05:57:12_rain.zip"
checksum = "d0e868184ad16fc6abb704bb1dddab57ebf2beb042529690e030568f5c81a9b3"
integrity = "e51da6f2b3a0f427a0aac5d7714bed2027f5cf0f39b31f0692e9623ceeaa47f2"

[[dependencies]]
name = "rain-extrospection"
version = "0.1.14"
url = "https://soldeer-revisions.s3.amazonaws.com/rain-extrospection/0_1_14_06-09-2026_09:00:43_rain.zip"
checksum = "a9f34937f66c48c8cd15a700ccebc56c25b6a8af32f0b8757fcfa92be8bbfb56"
integrity = "4fda4ce47b006de0619aba0591a00cece86454a5867643d99412bc57790cdce0"

[[dependencies]]
name = "rain-intorastring"
version = "0.1.0"
url = "https://soldeer-revisions.s3.amazonaws.com/rain-intorastring/0_1_0_12-05-2026_19:21:48_rain.zip"
checksum = "6cd4b0e5ea0a7ffc8adef762b3687d180e4c1408ec4ff8bf8d88d5f9712bf5af"
integrity = "cad9d7a463dd388f73b1f2cf85dd212fd46320203f8d39cb0938ffb451295384"

[[dependencies]]
name = "rain-lib-hash"
version = "0.1.0"
url = "https://soldeer-revisions.s3.amazonaws.com/rain-lib-hash/0_1_0_12-05-2026_16:24:56_rain.lib.zip"
checksum = "648f3e38b297dbd3ecb32b82c8b24c322f484e1734eb50fd393bc547c72b59b0"
integrity = "91f5f679a0a27f096fdbc1e41195dd9f42cacfab15735efeb1101cc1b9215b47"

[[dependencies]]
name = "rain-lib-memkv"
version = "0.1.0"
url = "https://soldeer-revisions.s3.amazonaws.com/rain-lib-memkv/0_1_0_12-05-2026_19:04:20_rain.lib.zip"
checksum = "69142c50851359c0b19ba0e59c387623a90debd16fb1c3a907aa2809a6873b1f"
integrity = "f2a63c0466c50cbfb3b3545094890c74dd1116b55fcb738bb631471252cee5b8"

[[dependencies]]
name = "rain-lib-typecast"
version = "0.1.0"
url = "https://soldeer-revisions.s3.amazonaws.com/rain-lib-typecast/0_1_0_12-05-2026_16:31:39_rain.lib.zip"
checksum = "5c0419501e4c763ef161a3489934af192219f994cb2c9187699bc4dee0b4e2bb"
integrity = "092781f87fd9227c4c95aafde59300c503d6a9a355beaeb5c5732fe6e36676d6"

[[dependencies]]
name = "rain-math-binary"
version = "0.1.4"
url = "https://soldeer-revisions.s3.amazonaws.com/rain-math-binary/0_1_4_17-08-2026_05:22:01_rain.math.zip"
checksum = "1787eb0bc883c4922deb5e547ecaf0bd0f9a31e99c51f3b11744c3324eb592f6"
integrity = "857d22060d058ec173e88448c2d44f0cb884b2381669d0dbe1d3bebb168715ea"

[[dependencies]]
name = "rain-math-float"
version = "0.1.1"
url = "https://soldeer-revisions.s3.amazonaws.com/rain-math-float/0_1_1_13-05-2026_13:48:34_rain.math.zip"
checksum = "322956f272ae3073ee02b0e7301b8834f08f2de62bcd6c309c44e946d7cd7056"
integrity = "dccdd4406a37db6af690872b805084a7dbe5211c57961a61ef083a7912ddbdc9"

[[dependencies]]
name = "rain-metadata"
version = "0.1.0"
url = "https://soldeer-revisions.s3.amazonaws.com/rain-metadata/0_1_0_12-05-2026_20:20:51_rain.zip"
checksum = "801d2b97b393d346c19a2f4f454d0279ba8f7d0f81fa3eb4fe8609da7291203d"
integrity = "f17f10aa50e9e2b254c689c83f41b3cabab81c95bad06424b9b3e9c92d02e577"

[[dependencies]]
name = "rain-sol-codegen"
version = "0.1.36"
url = "https://soldeer-revisions.s3.amazonaws.com/rain-sol-codegen/0_1_36_18-08-2026_09:20:33_rain.sol.zip"
checksum = "b5d101d46941a95fee441224e101004139814ae9afa2793138874bd7e93991ff"
integrity = "164e2655ac8b66bcf52c799421706d3dfaab987addaaeadd74574e70fd2eb6ed"

[[dependencies]]
name = "rain-solmem"
version = "0.1.28"
url = "https://soldeer-revisions.s3.amazonaws.com/rain-solmem/0_1_28_03-09-2026_07:34:16_rain.zip"
checksum = "3dafbef001edb181683a43c3c295e3f88e2ffcedd751e986562e71e29560c9f0"
integrity = "e7508cd81a998a67118a0fca314d504dc62850d6b535d29c824f696f214e4b23"

[[dependencies]]
name = "rain-string"
version = "0.2.0"
url = "https://soldeer-revisions.s3.amazonaws.com/rain-string/0_2_0_09-05-2026_21:16:31_rain.zip"
checksum = "847b9366128c5dcc5849c6938ae7ac92561ed8185bf304f1b1eb9ef59d77954e"
integrity = "7cb6ee638b59b840ea59e014e2610fdccc30a1593e763590e298314f00700561"

[[dependencies]]
name = "rain-tofu-erc20-decimals"
version = "0.1.1"
url = "https://soldeer-revisions.s3.amazonaws.com/rain-tofu-erc20-decimals/0_1_1_12-05-2026_15:44:19_rain.tofu.zip"
checksum = "2a48a362ac80a85a8792492fcaf943a86a95009a8aeaced3b50554bbed1e5874"
integrity = "9e1fccf893dd0d90aeb445c78f9eee3904bc50287ff1da30b954508f18412cd2"

[[dependencies]]
name = "rainlang-interface"
version = "0.2.8"
url = "https://soldeer-revisions.s3.amazonaws.com/rainlang-interface/0_2_8_06-09-2026_08:58:04_rainlang.zip"
checksum = "aae7d5721cdd21240f5dca7b1d6a861101431ead94db6def6a134932b54e7947"
integrity = "508259e321ecc0ad9b0ff1a8b0ac1e66a8858e599ce7328e06b6a4e7d3ae8889"
